
Microsoft Visual Studio Solution File, Format Version 12.00
# Visual Studio Version 17
VisualStudioVersion = 17.1.32421.90
MinimumVisualStudioVersion = 10.0.40219.1
Project("{FAE04EC0-301F-11D3-BF4B-00C04F79EFBC}") = "CoffeeMachine.Tests", "CoffeeMachine.Tests\CoffeeMachine.Tests.csproj", "{E257AC2A-F79E-481B-B2F2-A88A6EBF2D71}"
EndProject
Project("{FAE04EC0-301F-11D3-BF4B-00C04F79EFBC}") = "CoffeeMachine", "CoffeeMachine\CoffeeMachine.csproj", "{673908E1-FD9D-4824-9CB5-DB2A35268F0F}"
EndProject
Global
	GlobalSection(SolutionConfigurationPlatforms) = preSolution
		Debug|Any CPU = Debug|Any CPU
		Release|Any CPU = Release|Any CPU
	EndGlobalSection
	GlobalSection(ProjectConfigurationPlatforms) = postSolution
		{E257AC2A-F79E-481B-B2F2-A88A6EBF2D71}.Debug|Any CPU.ActiveCfg = Debug|Any CPU
		{E257AC2A-F79E-481B-B2F2-A88A6EBF2D71}.Debug|Any CPU.Build.0 = Debug|Any CPU
		{E257AC2A-F79E-481B-B2F2-A88A6EBF2D71}.Release|Any CPU.ActiveCfg = Release|Any CPU
		{E257AC2A-F79E-481B-B2F2-A88A6EBF2D71}.Release|Any CPU.Build.0 = Release|Any CPU
		{673908E1-FD9D-4824-9CB5-DB2A35268F0F}.Debug|Any CPU.ActiveCfg = Debug|Any CPU
		{673908E1-FD9D-4824-9CB5-DB2A35268F0F}.Debug|Any CPU.Build.0 = Debug|Any CPU
		{673908E1-FD9D-4824-9CB5-DB2A35268F0F}.Release|Any CPU.ActiveCfg = Release|Any CPU
		{673908E1-FD9D-4824-9CB5-DB2A35268F0F}.Release|Any CPU.Build.0 = Release|Any CPU
	EndGlobalSection
	GlobalSection(SolutionProperties) = preSolution
		HideSolutionNode = FALSE
	EndGlobalSection
	GlobalSection(ExtensibilityGlobals) = postSolution
		SolutionGuid = {68082D47-1EE4-4B0E-B57E-7B5E98B90DCD}
	EndGlobalSection
EndGlobal
